
Microsoft Visual Studio Solution File, Format Version 12.00
# Visual Studio Version 16
VisualStudioVersion = 16.0.30114.105
MinimumVisualStudioVersion = 10.0.40219.1
Project("{FAE04EC0-301F-11D3-BF4B-00C04F79EFBC}") = "inheritancePrac", "inheritancePrac\inheritancePrac.csproj", "{9F36F327-0095-4368-91AD-0A751EC9E9CB}"
EndProject
Global
	GlobalSection(SolutionConfigurationPlatforms) = preSolution
		Debug|Any CPU = Debug|Any CPU
		Release|Any CPU = Release|Any CPU
	EndGlobalSection
	GlobalSection(ProjectConfigurationPlatforms) = postSolution
		{9F36F327-0095-4368-91AD-0A751EC9E9CB}.Debug|Any CPU.ActiveCfg = Debug|Any CPU
		{9F36F327-0095-4368-91AD-0A751EC9E9CB}.Debug|Any CPU.Build.0 = Debug|Any CPU
		{9F36F327-0095-4368-91AD-0A751EC9E9CB}.Release|Any CPU.ActiveCfg = Release|Any CPU
		{9F36F327-0095-4368-91AD-0A751EC9E9CB}.Release|Any CPU.Build.0 = Release|Any CPU
	EndGlobalSection
	GlobalSection(SolutionProperties) = preSolution
		HideSolutionNode = FALSE
	EndGlobalSection
	GlobalSection(ExtensibilityGlobals) = postSolution
		SolutionGuid = {972663F1-D440-4D34-BCFE-321BB89AEDF0}
	EndGlobalSection
EndGlobal
